
Microsoft Visual Studio Solution File, Format Version 12.00
# Visual Studio 2012
Project("{FAE04EC0-301F-11D3-BF4B-00C04F79EFBC}") = "LargestFunction", "ClassLibrary1\LargestFunction.csproj", "{4993A701-2850-4213-A4DC-35BDE9B34DEC}"
EndProject
Global
	GlobalSection(SolutionConfigurationPlatforms) = preSolution
		Debug|Any CPU = Debug|Any CPU
		Release|Any CPU = Release|Any CPU
	EndGlobalSection
	GlobalSection(ProjectConfigurationPlatforms) = postSolution
		{4993A701-2850-4213-A4DC-35BDE9B34DEC}.Debug|Any CPU.ActiveCfg = Debug|Any CPU
		{4993A701-2850-4213-A4DC-35BDE9B34DEC}.Debug|Any CPU.Build.0 = Debug|Any CPU
		{4993A701-2850-4213-A4DC-35BDE9B34DEC}.Release|Any CPU.ActiveCfg = Release|Any CPU
		{4993A701-2850-4213-A4DC-35BDE9B34DEC}.Release|Any CPU.Build.0 = Release|Any CPU
	EndGlobalSection
	GlobalSection(SolutionProperties) = preSolution
		HideSolutionNode = FALSE
	EndGlobalSection
EndGlobal
